{
  "name": "jxaapp",
  "version": "1.0.0",
  "lockfileVersion": 3,
  "requires": true,
  "packages": {
    "": {
      "name": "jxaapp",
      "version": "1.0.0",
      "license": "MIT",
      "dependencies": {
        "@jxa/global-type": "^1.3.6",
        "@jxa/repl": "^1.3.6",
        "@jxa/run": "^1.3.6"
      }
    },
    "node_modules/@jxa/global-type": {
      "version": "1.3.6",
      "resolved": "https://registry.npmjs.org/@jxa/global-type/-/global-type-1.3.6.tgz",
      "integrity": "sha512-PVD1wB2giM4RkacP+RfigIoKQ5LqJfDIO6n6UmNxyJnYjznBMU7/hsszSmuAYOrt0IprpjPUSoYafYrD9apoSQ==",
      "license": "MIT",
      "dependencies": {
        "@jxa/types": "^1.3.6"
      }
    },
    "node_modules/@jxa/repl": {
      "version": "1.3.6",
      "resolved": "https://registry.npmjs.org/@jxa/repl/-/repl-1.3.6.tgz",
      "integrity": "sha512-T4hkKrqO5RjU2sQx84lA7L+UtY7Dq5gpWsKkNySE8ICsmk8Z8zMPOPv4WMd+kWstUWhQ99Zgj9i+HKkhR2lxZw==",
      "license": "MIT",
      "dependencies": {
        "@jxa/run": "^1.3.6"
      },
      "bin": {
        "jxa-repl": "bin/cmd.js"
      }
    },
    "node_modules/@jxa/run": {
      "version": "1.3.6",
      "resolved": "https://registry.npmjs.org/@jxa/run/-/run-1.3.6.tgz",
      "integrity": "sha512-NqZIYH4AkH7HQ0dGPBiCchO6hEFYUG3ogHoedPgcGIfgv6zNfwKpQ7JGuccG7za+KJLdXDO/F+Da5fa6iY/naw==",
      "license": "MIT",
      "dependencies": {
        "macos-version": "^5.2.0"
      }
    },
    "node_modules/@jxa/types": {
      "version": "1.3.6",
      "resolved": "https://registry.npmjs.org/@jxa/types/-/types-1.3.6.tgz",
      "integrity": "sha512-2/RPRx/QH3O3lA6m1Z824+T/ojYQra6HTYwF3PWnENabZwjdUATe2IFzZxFcDd9nR+GHxo5/Lg1VNM99Z8kHEg==",
      "license": "MIT"
    },
    "node_modules/macos-version": {
      "version": "5.2.1",
      "resolved": "https://registry.npmjs.org/macos-version/-/macos-version-5.2.1.tgz",
      "integrity": "sha512-OHJU8nTNxHYL1FQhD+nZawWgXKXAqDGr4kluLtaqKO4au3cR41y1mKuVShOU5U4rOYiuPanljq6oFGmV2B9DFA==",
      "license": "MIT",
      "dependencies": {
        "semver": "^5.6.0"
      },
      "engines": {
        "node": ">=6"
      },
      "funding": {
        "url": "https://github.com/sponsors/sindresorhus"
      }
    },
    "node_modules/semver": {
      "version": "5.7.2",
      "resolved": "https://registry.npmjs.org/semver/-/semver-5.7.2.tgz",
      "integrity": "sha512-cBznnQ9KjJqU67B52RMC65CMarK2600WFnbkcaiwWq3xy/5haFJlshgnpjovMVJ+Hff49d8GEn0b87C5pDQ10g==",
      "license": "ISC",
      "bin": {
        "semver": "bin/semver"
      }
    }
  }
}
